
Microsoft Visual Studio Solution File, Format Version 12.00
# Visual Studio Version 16
VisualStudioVersion = 16.0.28902.138
MinimumVisualStudioVersion = 10.0.40219.1
Project("{9A19103F-16F7-4668-BE54-9A1E7A4F7556}") = "X10D", "X10D\X10D.csproj", "{4A8CC062-8B82-4625-B3CC-7DBEAB2AF149}"
EndProject
Project("{9A19103F-16F7-4668-BE54-9A1E7A4F7556}") = "X10D.Tests", "X10D.Tests\X10D.Tests.csproj", "{DF228EA2-D8EC-4A40-8917-E1E62E3B7D8E}"
EndProject
Project("{2150E333-8FDC-42A3-9474-1A3956D46DE8}") = "Solution Items", "Solution Items", "{FF6E59AB-1A23-4981-834C-47BEB5A46DC1}"
	ProjectSection(SolutionItems) = preProject
		.editorconfig = .editorconfig
		X10D.ruleset = X10D.ruleset
	EndProjectSection
EndProject
Global
	GlobalSection(SolutionConfigurationPlatforms) = preSolution
		Debug|Any CPU = Debug|Any CPU
		Release|Any CPU = Release|Any CPU
	EndGlobalSection
	GlobalSection(ProjectConfigurationPlatforms) = postSolution
		{4A8CC062-8B82-4625-B3CC-7DBEAB2AF149}.Debug|Any CPU.ActiveCfg = Debug|Any CPU
		{4A8CC062-8B82-4625-B3CC-7DBEAB2AF149}.Debug|Any CPU.Build.0 = Debug|Any CPU
		{4A8CC062-8B82-4625-B3CC-7DBEAB2AF149}.Release|Any CPU.ActiveCfg = Release|Any CPU
		{4A8CC062-8B82-4625-B3CC-7DBEAB2AF149}.Release|Any CPU.Build.0 = Release|Any CPU
		{DF228EA2-D8EC-4A40-8917-E1E62E3B7D8E}.Debug|Any CPU.ActiveCfg = Debug|Any CPU
		{DF228EA2-D8EC-4A40-8917-E1E62E3B7D8E}.Debug|Any CPU.Build.0 = Debug|Any CPU
		{DF228EA2-D8EC-4A40-8917-E1E62E3B7D8E}.Release|Any CPU.ActiveCfg = Release|Any CPU
		{DF228EA2-D8EC-4A40-8917-E1E62E3B7D8E}.Release|Any CPU.Build.0 = Release|Any CPU
	EndGlobalSection
	GlobalSection(SolutionProperties) = preSolution
		HideSolutionNode = FALSE
	EndGlobalSection
	GlobalSection(ExtensibilityGlobals) = postSolution
		SolutionGuid = {6F733785-8837-410C-BD91-C4AD1F0A6914}
	EndGlobalSection
EndGlobal
